// !$*UTF8*$!
{
	archiveVersion = 1;
	classes = {
	};
	objectVersion = 50;
	objects = {

/* Begin PBXBuildFile section */
		6F4C3F14213471FB0087FD13 /* AppDelegate.swift in Sources */ = {isa = PBXBuildFile; fileRef = 6F4C3F13213471FB0087FD13 /* AppDelegate.swift */; };
		6F4C3F1C213471FB0087FD13 /* CoreDataPolygon.xcdatamodeld in Sources */ = {isa = PBXBuildFile; fileRef = 6F4C3F1A213471FB0087FD13 /* CoreDataPolygon.xcdatamodeld */; };
		6F4C3F1E213471FC0087FD13 /* Assets.xcassets in Resources */ = {isa = PBXBuildFile; fileRef = 6F4C3F1D213471FC0087FD13 /* Assets.xcassets */; };
		6F4C3F21213471FC0087FD13 /* LaunchScreen.storyboard in Resources */ = {isa = PBXBuildFile; fileRef = 6F4C3F1F213471FC0087FD13 /* LaunchScreen.storyboard */; };
		6F4C3F2A213472FD0087FD13 /* PersonListController.swift in Sources */ = {isa = PBXBuildFile; fileRef = 6F4C3F28213472FD0087FD13 /* PersonListController.swift */; };
		6F4C3F2B213472FD0087FD13 /* PersonListController.xib in Resources */ = {isa = PBXBuildFile; fileRef = 6F4C3F29213472FD0087FD13 /* PersonListController.xib */; };
		6F4C3F2E2134731D0087FD13 /* HomeListController.swift in Sources */ = {isa = PBXBuildFile; fileRef = 6F4C3F2C2134731D0087FD13 /* HomeListController.swift */; };
		6F4C3F2F2134731D0087FD13 /* HomeListController.xib in Resources */ = {isa = PBXBuildFile; fileRef = 6F4C3F2D2134731D0087FD13 /* HomeListController.xib */; };
		6F4C3F45213483600087FD13 /* DataProvider.swift in Sources */ = {isa = PBXBuildFile; fileRef = 6F4C3F44213483600087FD13 /* DataProvider.swift */; };
		6F4C3F4B21348F5D0087FD13 /* SubtitleTableViewCell.swift in Sources */ = {isa = PBXBuildFile; fileRef = 6F4C3F4921348F5D0087FD13 /* SubtitleTableViewCell.swift */; };
		6F4C3F4C21348F5D0087FD13 /* SubtitleTableViewCell.xib in Resources */ = {isa = PBXBuildFile; fileRef = 6F4C3F4A21348F5D0087FD13 /* SubtitleTableViewCell.xib */; };
		6FB59AA42137311100C499B2 /* HomeDetailController.swift in Sources */ = {isa = PBXBuildFile; fileRef = 6FB59AA22137311100C499B2 /* HomeDetailController.swift */; };
		6FB59AA52137311100C499B2 /* HomeDetailController.xib in Resources */ = {isa = PBXBuildFile; fileRef = 6FB59AA32137311100C499B2 /* HomeDetailController.xib */; };
		6FB59ABA2137469300C499B2 /* Person+CoreDataClass.swift in Sources */ = {isa = PBXBuildFile; fileRef = 6FB59AB62137469300C499B2 /* Person+CoreDataClass.swift */; };
		6FB59ABB2137469300C499B2 /* Person+CoreDataProperties.swift in Sources */ = {isa = PBXBuildFile; fileRef = 6FB59AB72137469300C499B2 /* Person+CoreDataProperties.swift */; };
		6FB59ABC2137469300C499B2 /* Home+CoreDataClass.swift in Sources */ = {isa = PBXBuildFile; fileRef = 6FB59AB82137469300C499B2 /* Home+CoreDataClass.swift */; };
		6FB59ABD2137469300C499B2 /* Home+CoreDataProperties.swift in Sources */ = {isa = PBXBuildFile; fileRef = 6FB59AB92137469300C499B2 /* Home+CoreDataProperties.swift */; };
/* End PBXBuildFile section */

/* Begin PBXFileReference section */
		6F4C3F10213471FB0087FD13 /* CoreDataPolygon.app */ = {isa = PBXFileReference; explicitFileType = wrapper.application; includeInIndex = 0; path = CoreDataPolygon.app; sourceTree = BUILT_PRODUCTS_DIR; };
		6F4C3F13213471FB0087FD13 /* AppDelegate.swift */ = {isa = PBXFileReference; lastKnownFileType = sourcecode.swift; path = AppDelegate.swift; sourceTree = "<group>"; };
		6F4C3F1B213471FB0087FD13 /* CoreDataPolygon.xcdatamodel */ = {isa = PBXFileReference; lastKnownFileType = wrapper.xcdatamodel; path = CoreDataPolygon.xcdatamodel; sourceTree = "<group>"; };
		6F4C3F1D213471FC0087FD13 /* Assets.xcassets */ = {isa = PBXFileReference; lastKnownFileType = folder.assetcatalog; path = Assets.xcassets; sourceTree = "<group>"; };
		6F4C3F20213471FC0087FD13 /* Base */ = {isa = PBXFileReference; lastKnownFileType = file.storyboard; name = Base; path = Base.lproj/LaunchScreen.storyboard; sourceTree = "<group>"; };
		6F4C3F22213471FC0087FD13 /* Info.plist */ = {isa = PBXFileReference; lastKnownFileType = text.plist.xml; path = Info.plist; sourceTree = "<group>"; };
		6F4C3F28213472FD0087FD13 /* PersonListController.swift */ = {isa = PBXFileReference; lastKnownFileType = sourcecode.swift; path = PersonListController.swift; sourceTree = "<group>"; };
		6F4C3F29213472FD0087FD13 /* PersonListController.xib */ = {isa = PBXFileReference; lastKnownFileType = file.xib; path = PersonListController.xib; sourceTree = "<group>"; };
		6F4C3F2C2134731D0087FD13 /* HomeListController.swift */ = {isa = PBXFileReference; lastKnownFileType = sourcecode.swift; path = HomeListController.swift; sourceTree = "<group>"; };
		6F4C3F2D2134731D0087FD13 /* HomeListController.xib */ = {isa = PBXFileReference; lastKnownFileType = file.xib; path = HomeListController.xib; sourceTree = "<group>"; };
		6F4C3F44213483600087FD13 /* DataProvider.swift */ = {isa = PBXFileReference; lastKnownFileType = sourcecode.swift; path = DataProvider.swift; sourceTree = "<group>"; };
		6F4C3F4921348F5D0087FD13 /* SubtitleTableViewCell.swift */ = {isa = PBXFileReference; lastKnownFileType = sourcecode.swift; path = SubtitleTableViewCell.swift; sourceTree = "<group>"; };
		6F4C3F4A21348F5D0087FD13 /* SubtitleTableViewCell.xib */ = {isa = PBXFileReference; lastKnownFileType = file.xib; path = SubtitleTableViewCell.xib; sourceTree = "<group>"; };
		6FB59AA22137311100C499B2 /* HomeDetailController.swift */ = {isa = PBXFileReference; lastKnownFileType = sourcecode.swift; path = HomeDetailController.swift; sourceTree = "<group>"; };
		6FB59AA32137311100C499B2 /* HomeDetailController.xib */ = {isa = PBXFileReference; lastKnownFileType = file.xib; path = HomeDetailController.xib; sourceTree = "<group>"; };
		6FB59AB62137469300C499B2 /* Person+CoreDataClass.swift */ = {isa = PBXFileReference; lastKnownFileType = sourcecode.swift; path = "Person+CoreDataClass.swift"; sourceTree = "<group>"; };
		6FB59AB72137469300C499B2 /* Person+CoreDataProperties.swift */ = {isa = PBXFileReference; lastKnownFileType = sourcecode.swift; path = "Person+CoreDataProperties.swift"; sourceTree = "<group>"; };
		6FB59AB82137469300C499B2 /* Home+CoreDataClass.swift */ = {isa = PBXFileReference; lastKnownFileType = sourcecode.swift; path = "Home+CoreDataClass.swift"; sourceTree = "<group>"; };
		6FB59AB92137469300C499B2 /* Home+CoreDataProperties.swift */ = {isa = PBXFileReference; lastKnownFileType = sourcecode.swift; path = "Home+CoreDataProperties.swift"; sourceTree = "<group>"; };
/* End PBXFileReference section */

/* Begin PBXFrameworksBuildPhase section */
		6F4C3F0D213471FB0087FD13 /* Frameworks */ = {
			isa = PBXFrameworksBuildPhase;
			buildActionMask = 2147483647;
			files = (
			);
			runOnlyForDeploymentPostprocessing = 0;
		};
/* End PBXFrameworksBuildPhase section */

/* Begin PBXGroup section */
		6F4C3F07213471FB0087FD13 = {
			isa = PBXGroup;
			children = (
				6F4C3F12213471FB0087FD13 /* CoreDataPolygon */,
				6F4C3F11213471FB0087FD13 /* Products */,
			);
			sourceTree = "<group>";
		};
		6F4C3F11213471FB0087FD13 /* Products */ = {
			isa = PBXGroup;
			children = (
				6F4C3F10213471FB0087FD13 /* CoreDataPolygon.app */,
			);
			name = Products;
			sourceTree = "<group>";
		};
		6F4C3F12213471FB0087FD13 /* CoreDataPolygon */ = {
			isa = PBXGroup;
			children = (
				6F4C3F4621348EA60087FD13 /* Cell */,
				6F4C3F432134834B0087FD13 /* DataProvider */,
				6F4C3F42213477320087FD13 /* Home */,
				6F4C3F41213477230087FD13 /* Person */,
				6F4C3F40213477160087FD13 /* Models */,
				6F4C3F13213471FB0087FD13 /* AppDelegate.swift */,
				6F4C3F1D213471FC0087FD13 /* Assets.xcassets */,
				6F4C3F1F213471FC0087FD13 /* LaunchScreen.storyboard */,
				6F4C3F22213471FC0087FD13 /* Info.plist */,
				6F4C3F1A213471FB0087FD13 /* CoreDataPolygon.xcdatamodeld */,
			);
			path = CoreDataPolygon;
			sourceTree = "<group>";
		};
		6F4C3F40213477160087FD13 /* Models */ = {
			isa = PBXGroup;
			children = (
				6FB59AB62137469300C499B2 /* Person+CoreDataClass.swift */,
				6FB59AB72137469300C499B2 /* Person+CoreDataProperties.swift */,
				6FB59AB82137469300C499B2 /* Home+CoreDataClass.swift */,
				6FB59AB92137469300C499B2 /* Home+CoreDataProperties.swift */,
			);
			path = Models;
			sourceTree = "<group>";
		};
		6F4C3F41213477230087FD13 /* Person */ = {
			isa = PBXGroup;
			children = (
				6F4C3F28213472FD0087FD13 /* PersonListController.swift */,
				6F4C3F29213472FD0087FD13 /* PersonListController.xib */,
			);
			path = Person;
			sourceTree = "<group>";
		};
		6F4C3F42213477320087FD13 /* Home */ = {
			isa = PBXGroup;
			children = (
				6FB59AA1213730E800C499B2 /* Detail */,
				6F4C3F2C2134731D0087FD13 /* HomeListController.swift */,
				6F4C3F2D2134731D0087FD13 /* HomeListController.xib */,
			);
			path = Home;
			sourceTree = "<group>";
		};
		6F4C3F432134834B0087FD13 /* DataProvider */ = {
			isa = PBXGroup;
			children = (
				6F4C3F44213483600087FD13 /* DataProvider.swift */,
			);
			path = DataProvider;
			sourceTree = "<group>";
		};
		6F4C3F4621348EA60087FD13 /* Cell */ = {
			isa = PBXGroup;
			children = (
				6F4C3F4921348F5D0087FD13 /* SubtitleTableViewCell.swift */,
				6F4C3F4A21348F5D0087FD13 /* SubtitleTableViewCell.xib */,
			);
			path = Cell;
			sourceTree = "<group>";
		};
		6FB59AA1213730E800C499B2 /* Detail */ = {
			isa = PBXGroup;
			children = (
				6FB59AA22137311100C499B2 /* HomeDetailController.swift */,
				6FB59AA32137311100C499B2 /* HomeDetailController.xib */,
			);
			path = Detail;
			sourceTree = "<group>";
		};
/* End PBXGroup section */

/* Begin PBXNativeTarget section */
		6F4C3F0F213471FB0087FD13 /* CoreDataPolygon */ = {
			isa = PBXNativeTarget;
			buildConfigurationList = 6F4C3F25213471FC0087FD13 /* Build configuration list for PBXNativeTarget "CoreDataPolygon" */;
			buildPhases = (
				6F4C3F0C213471FB0087FD13 /* Sources */,
				6F4C3F0D213471FB0087FD13 /* Frameworks */,
				6F4C3F0E213471FB0087FD13 /* Resources */,
			);
			buildRules = (
			);
			dependencies = (
			);
			name = CoreDataPolygon;
			productName = CoreDataPolygon;
			productReference = 6F4C3F10213471FB0087FD13 /* CoreDataPolygon.app */;
			productType = "com.apple.product-type.application";
		};
/* End PBXNativeTarget section */

/* Begin PBXProject section */
		6F4C3F08213471FB0087FD13 /* Project object */ = {
			isa = PBXProject;
			attributes = {
				LastSwiftUpdateCheck = 0940;
				LastUpgradeCheck = 0940;
				ORGANIZATIONNAME = "Mariusz Sut";
				TargetAttributes = {
					6F4C3F0F213471FB0087FD13 = {
						CreatedOnToolsVersion = 9.4.1;
					};
				};
			};
			buildConfigurationList = 6F4C3F0B213471FB0087FD13 /* Build configuration list for PBXProject "CoreDataPolygon" */;
			compatibilityVersion = "Xcode 9.3";
			developmentRegion = en;
			hasScannedForEncodings = 0;
			knownRegions = (
				en,
				Base,
			);
			mainGroup = 6F4C3F07213471FB0087FD13;
			productRefGroup = 6F4C3F11213471FB0087FD13 /* Products */;
			projectDirPath = "";
			projectRoot = "";
			targets = (
				6F4C3F0F213471FB0087FD13 /* CoreDataPolygon */,
			);
		};
/* End PBXProject section */

/* Begin PBXResourcesBuildPhase section */
		6F4C3F0E213471FB0087FD13 /* Resources */ = {
			isa = PBXResourcesBuildPhase;
			buildActionMask = 2147483647;
			files = (
				6F4C3F2B213472FD0087FD13 /* PersonListController.xib in Resources */,
				6FB59AA52137311100C499B2 /* HomeDetailController.xib in Resources */,
				6F4C3F21213471FC0087FD13 /* LaunchScreen.storyboard in Resources */,
				6F4C3F1E213471FC0087FD13 /* Assets.xcassets in Resources */,
				6F4C3F2F2134731D0087FD13 /* HomeListController.xib in Resources */,
				6F4C3F4C21348F5D0087FD13 /* SubtitleTableViewCell.xib in Resources */,
			);
			runOnlyForDeploymentPostprocessing = 0;
		};
/* End PBXResourcesBuildPhase section */

/* Begin PBXSourcesBuildPhase section */
		6F4C3F0C213471FB0087FD13 /* Sources */ = {
			isa = PBXSourcesBuildPhase;
			buildActionMask = 2147483647;
			files = (
				6FB59ABD2137469300C499B2 /* Home+CoreDataProperties.swift in Sources */,
				6FB59ABA2137469300C499B2 /* Person+CoreDataClass.swift in Sources */,
				6FB59AA42137311100C499B2 /* HomeDetailController.swift in Sources */,
				6FB59ABB2137469300C499B2 /* Person+CoreDataProperties.swift in Sources */,
				6F4C3F2A213472FD0087FD13 /* PersonListController.swift in Sources */,
				6FB59ABC2137469300C499B2 /* Home+CoreDataClass.swift in Sources */,
				6F4C3F2E2134731D0087FD13 /* HomeListController.swift in Sources */,
				6F4C3F1C213471FB0087FD13 /* CoreDataPolygon.xcdatamodeld in Sources */,
				6F4C3F45213483600087FD13 /* DataProvider.swift in Sources */,
				6F4C3F4B21348F5D0087FD13 /* SubtitleTableViewCell.swift in Sources */,
				6F4C3F14213471FB0087FD13 /* AppDelegate.swift in Sources */,
			);
			runOnlyForDeploymentPostprocessing = 0;
		};
/* End PBXSourcesBuildPhase section */

/* Begin PBXVariantGroup section */
		6F4C3F1F213471FC0087FD13 /* LaunchScreen.storyboard */ = {
			isa = PBXVariantGroup;
			children = (
				6F4C3F20213471FC0087FD13 /* Base */,
			);
			name = LaunchScreen.storyboard;
			sourceTree = "<group>";
		};
/* End PBXVariantGroup section */

/* Begin XCBuildConfiguration section */
		6F4C3F23213471FC0087FD13 /* Debug */ = {
			isa = XCBuildConfiguration;
			buildSettings = {
				ALWAYS_SEARCH_USER_PATHS = NO;
				CLANG_ANALYZER_NONNULL = YES;
				CLANG_ANALYZER_NUMBER_OBJECT_CONVERSION = YES_AGGRESSIVE;
				CLANG_CXX_LANGUAGE_STANDARD = "gnu++14";
				CLANG_CXX_LIBRARY = "libc++";
				CLANG_ENABLE_MODULES = YES;
				CLANG_ENABLE_OBJC_ARC = YES;
				CLANG_ENABLE_OBJC_WEAK = YES;
				CLANG_WARN_BLOCK_CAPTURE_AUTORELEASING = YES;
				CLANG_WARN_BOOL_CONVERSION = YES;
				CLANG_WARN_COMMA = YES;
				CLANG_WARN_CONSTANT_CONVERSION = YES;
				CLANG_WARN_DEPRECATED_OBJC_IMPLEMENTATIONS = YES;
				CLANG_WARN_DIRECT_OBJC_ISA_USAGE = YES_ERROR;
				CLANG_WARN_DOCUMENTATION_COMMENTS = YES;
				CLANG_WARN_EMPTY_BODY = YES;
				CLANG_WARN_ENUM_CONVERSION = YES;
				CLANG_WARN_INFINITE_RECURSION = YES;
				CLANG_WARN_INT_CONVERSION = YES;
				CLANG_WARN_NON_LITERAL_NULL_CONVERSION = YES;
				CLANG_WARN_OBJC_IMPLICIT_RETAIN_SELF = YES;
				CLANG_WARN_OBJC_LITERAL_CONVERSION = YES;
				CLANG_WARN_OBJC_ROOT_CLASS = YES_ERROR;
				CLANG_WARN_RANGE_LOOP_ANALYSIS = YES;
				CLANG_WARN_STRICT_PROTOTYPES = YES;
				CLANG_WARN_SUSPICIOUS_MOVE = YES;
				CLANG_WARN_UNGUARDED_AVAILABILITY = YES_AGGRESSIVE;
				CLANG_WARN_UNREACHABLE_CODE = YES;
				CLANG_WARN__DUPLICATE_METHOD_MATCH = YES;
				CODE_SIGN_IDENTITY = "iPhone Developer";
				COPY_PHASE_STRIP = NO;
				DEBUG_INFORMATION_FORMAT = dwarf;
				ENABLE_STRICT_OBJC_MSGSEND = YES;
				ENABLE_TESTABILITY = YES;
				GCC_C_LANGUAGE_STANDARD = gnu11;
				GCC_DYNAMIC_NO_PIC = NO;
				GCC_NO_COMMON_BLOCKS = YES;
				GCC_OPTIMIZATION_LEVEL = 0;
				GCC_PREPROCESSOR_DEFINITIONS = (
					"DEBUG=1",
					"$(inherited)",
				);
				GCC_WARN_64_TO_32_BIT_CONVERSION = YES;
				GCC_WARN_ABOUT_RETURN_TYPE = YES_ERROR;
				GCC_WARN_UNDECLARED_SELECTOR = YES;
				GCC_WARN_UNINITIALIZED_AUTOS = YES_AGGRESSIVE;
				GCC_WARN_UNUSED_FUNCTION = YES;
				GCC_WARN_UNUSED_VARIABLE = YES;
				IPHONEOS_DEPLOYMENT_TARGET = 11.4;
				MTL_ENABLE_DEBUG_INFO = YES;
				ONLY_ACTIVE_ARCH = YES;
				SDKROOT = iphoneos;
				SWIFT_ACTIVE_COMPILATION_CONDITIONS = DEBUG;
				SWIFT_OPTIMIZATION_LEVEL = "-Onone";
			};
			name = Debug;
		};
		6F4C3F24213471FC0087FD13 /* Release */ = {
			isa = XCBuildConfiguration;
			buildSettings = {
				ALWAYS_SEARCH_USER_PATHS = NO;
				CLANG_ANALYZER_NONNULL = YES;
				CLANG_ANALYZER_NUMBER_OBJECT_CONVERSION = YES_AGGRESSIVE;
				CLANG_CXX_LANGUAGE_STANDARD = "gnu++14";
				CLANG_CXX_LIBRARY = "libc++";
				CLANG_ENABLE_MODULES = YES;
				CLANG_ENABLE_OBJC_ARC = YES;
				CLANG_ENABLE_OBJC_WEAK = YES;
				CLANG_WARN_BLOCK_CAPTURE_AUTORELEASING = YES;
				CLANG_WARN_BOOL_CONVERSION = YES;
				CLANG_WARN_COMMA = YES;
				CLANG_WARN_CONSTANT_CONVERSION = YES;
				CLANG_WARN_DEPRECATED_OBJC_IMPLEMENTATIONS = YES;
				CLANG_WARN_DIRECT_OBJC_ISA_USAGE = YES_ERROR;
				CLANG_WARN_DOCUMENTATION_COMMENTS = YES;
				CLANG_WARN_EMPTY_BODY = YES;
				CLANG_WARN_ENUM_CONVERSION = YES;
				CLANG_WARN_INFINITE_RECURSION = YES;
				CLANG_WARN_INT_CONVERSION = YES;
				CLANG_WARN_NON_LITERAL_NULL_CONVERSION = YES;
				CLANG_WARN_OBJC_IMPLICIT_RETAIN_SELF = YES;
				CLANG_WARN_OBJC_LITERAL_CONVERSION = YES;
				CLANG_WARN_OBJC_ROOT_CLASS = YES_ERROR;
				CLANG_WARN_RANGE_LOOP_ANALYSIS = YES;
				CLANG_WARN_STRICT_PROTOTYPES = YES;
				CLANG_WARN_SUSPICIOUS_MOVE = YES;
				CLANG_WARN_UNGUARDED_AVAILABILITY = YES_AGGRESSIVE;
				CLANG_WARN_UNREACHABLE_CODE = YES;
				CLANG_WARN__DUPLICATE_METHOD_MATCH = YES;
				CODE_SIGN_IDENTITY = "iPhone Developer";
				COPY_PHASE_STRIP = NO;
				DEBUG_INFORMATION_FORMAT = "dwarf-with-dsym";
				ENABLE_NS_ASSERTIONS = NO;
				ENABLE_STRICT_OBJC_MSGSEND = YES;
				GCC_C_LANGUAGE_STANDARD = gnu11;
				GCC_NO_COMMON_BLOCKS = YES;
				GCC_WARN_64_TO_32_BIT_CONVERSION = YES;
				GCC_WARN_ABOUT_RETURN_TYPE = YES_ERROR;
				GCC_WARN_UNDECLARED_SELECTOR = YES;
				GCC_WARN_UNINITIALIZED_AUTOS = YES_AGGRESSIVE;
				GCC_WARN_UNUSED_FUNCTION = YES;
				GCC_WARN_UNUSED_VARIABLE = YES;
				IPHONEOS_DEPLOYMENT_TARGET = 11.4;
				MTL_ENABLE_DEBUG_INFO = NO;
				SDKROOT = iphoneos;
				SWIFT_COMPILATION_MODE = wholemodule;
				SWIFT_OPTIMIZATION_LEVEL = "-O";
				VALIDATE_PRODUCT = YES;
			};
			name = Release;
		};
		6F4C3F26213471FC0087FD13 /* Debug */ = {
			isa = XCBuildConfiguration;
			buildSettings = {
				ASSETCATALOG_COMPILER_APPICON_NAME = AppIcon;
				CODE_SIGN_STYLE = Automatic;
				DEVELOPMENT_TEAM = F8MY77QSLQ;
				INFOPLIST_FILE = CoreDataPolygon/Info.plist;
				LD_RUNPATH_SEARCH_PATHS = (
					"$(inherited)",
					"@executable_path/Frameworks",
				);
				PRODUCT_BUNDLE_IDENTIFIER = com.msut.CoreDataPolygon;
				PRODUCT_NAME = "$(TARGET_NAME)";
				SWIFT_VERSION = 4.0;
				TARGETED_DEVICE_FAMILY = "1,2";
			};
			name = Debug;
		};
		6F4C3F27213471FC0087FD13 /* Release */ = {
			isa = XCBuildConfiguration;
			buildSettings = {
				ASSETCATALOG_COMPILER_APPICON_NAME = AppIcon;
				CODE_SIGN_STYLE = Automatic;
				DEVELOPMENT_TEAM = F8MY77QSLQ;
				INFOPLIST_FILE = CoreDataPolygon/Info.plist;
				LD_RUNPATH_SEARCH_PATHS = (
					"$(inherited)",
					"@executable_path/Frameworks",
				);
				PRODUCT_BUNDLE_IDENTIFIER = com.msut.CoreDataPolygon;
				PRODUCT_NAME = "$(TARGET_NAME)";
				SWIFT_VERSION = 4.0;
				TARGETED_DEVICE_FAMILY = "1,2";
			};
			name = Release;
		};
/* End XCBuildConfiguration section */

/* Begin XCConfigurationList section */
		6F4C3F0B213471FB0087FD13 /* Build configuration list for PBXProject "CoreDataPolygon" */ = {
			isa = XCConfigurationList;
			buildConfigurations = (
				6F4C3F23213471FC0087FD13 /* Debug */,
				6F4C3F24213471FC0087FD13 /* Release */,
			);
			defaultConfigurationIsVisible = 0;
			defaultConfigurationName = Release;
		};
		6F4C3F25213471FC0087FD13 /* Build configuration list for PBXNativeTarget "CoreDataPolygon" */ = {
			isa = XCConfigurationList;
			buildConfigurations = (
				6F4C3F26213471FC0087FD13 /* Debug */,
				6F4C3F27213471FC0087FD13 /* Release */,
			);
			defaultConfigurationIsVisible = 0;
			defaultConfigurationName = Release;
		};
/* End XCConfigurationList section */

/* Begin XCVersionGroup section */
		6F4C3F1A213471FB0087FD13 /* CoreDataPolygon.xcdatamodeld */ = {
			isa = XCVersionGroup;
			children = (
				6F4C3F1B213471FB0087FD13 /* CoreDataPolygon.xcdatamodel */,
			);
			currentVersion = 6F4C3F1B213471FB0087FD13 /* CoreDataPolygon.xcdatamodel */;
			path = CoreDataPolygon.xcdatamodeld;
			sourceTree = "<group>";
			versionGroupType = wrapper.xcdatamodel;
		};
/* End XCVersionGroup section */
	};
	rootObject = 6F4C3F08213471FB0087FD13 /* Project object */;
}
